github.com/fsnotify/fsnotify v1.6.0 h1:n+5WquG0fcWoWp6xPWfHdbskMCQaFnG6PfBrh1Ky4HY=
github.com/fsnotify/fsnotify v1.6.0/go.mod h1:sl3t1tCWJFWoRz9R8WJCbQihKKwmorjAbSClcnxKAGw=
github.com/xgfone/gconf/v6 v6.3.0 h1:3vbjbKJ9h+UkXhJjglPyn/i2ECe6TFzQEgVAjARLX9g=
github.com/xgfone/gconf/v6 v6.3.0/go.mod h1:aHrM2cCFZ9uNHdnctQZQte4ACcwkOGW/RDicrnsu8MU=
github.com/xgfone/go-apiserver v0.33.0 h1:RzPq45C6FaN8CiedUcLLdgxJGyO+CXrDsGQWr6mAthk=
github.com/xgfone/go-apiserver v0.33.0/go.mod h1:HqaC7ACqHpWOksbFM6Zg9mg37USdhN6RvB1g6EK0/9Y=
github.com/xgfone/go-atexit v0.10.0 h1:lFvHqY+4eoKG7qU2goyNF4gLusJfLRHv8muZcrnL/9c=
github.com/xgfone/go-atexit v0.10.0/go.mod h1:yN4Hf2wE06X4kJLL2qxBNKuJHTRdDRoifivfFoKdC8o=
github.com/xgfone/go-atomicvalue v0.2.0 h1:C/28ARO2Nsx1UymHfpxQRxwNwseSDlsgQgsM1VahV6U=
github.com/xgfone/go-atomicvalue v0.2.0/go.mod h1:fAKLVfK1snK0JKAFRsKhIhd220Cg9SSEuvOay6MXs88=
github.com/xgfone/go-cast v0.8.0 h1:LEuxDOUUykxMRQF3pgx7NCRNdzwBrZNyfQH2Kmasfd4=
github.com/xgfone/go-cast v0.8.0/go.mod h1:aHO9rXhmN4IZ4d1UG35+6WEVbg5yyISynFQJCVltrsk=
github.com/xgfone/go-checker v0.2.0 h1:Nj0u9ZEaBpgz58GJ+xhTYFPtJVPGXkbcdpFXb+SZVRI=
github.com/xgfone/go-checker v0.2.0/go.mod h1:HNkJUfk+bHfGLsI5PnnX3dYrS6aD+eMkcQDLjP2iWrU=
github.com/xgfone/go-defaults v0.3.0 h1:l1UwwLRIWPMmOzZ4RNR7hALb6sY8zQxeaHwnkRvDMcI=
github.com/xgfone/go-defaults v0.3.0/go.mod h1:zwcnD8escc6E5QrCNKRLQddb4/hcUnUOM20kUeki18Y=
github.com/xgfone/go-exec v0.4.0 h1:FsRyWZktnbmaBhy7QGop7GIEfQlaIo/YCpdaY/uLYkc=
github.com/xgfone/go-exec v0.4.0/go.mod h1:uyASdRqXjtI9NvhLeSXZcKSEL6uJw4SaBxGjh0me0kw=
github.com/xgfone/go-http-client v0.13.0 h1:JE9ZDRyNKf4LMdilJ4Ern6QxoUkSuXhUch7LaTYN2t4=
github.com/xgfone/go-http-client v0.13.0/go.mod h1:eO64VZLtf4gbN1EgFfjQ4zU0AXfn0lTMA5rdtXVvlCc=
github.com/xgfone/go-sqlx v0.25.0 h1:ce1V1aWhrbZsuoA25nK7yeCPxJ1Ux1rCDhmvixN2MPw=
github.com/xgfone/go-sqlx v0.25.0/go.mod h1:5NZIKj1Z8DfCUUiLl8zrvFAiRKwqmXKt8cVZbrlwRP4=
github.com/xgfone/go-wait v0.1.0 h1:gG/y+VpbQg0hIlzc/NX/NeVZsoYu1YWbP5jjj2vG/qI=
github.com/xgfone/go-wait v0.1.0/go.mod h1:qk04q+pPrbWS24YVWvXJNsB8zDTTHPaoDyZdZPoP618=
github.com/xgfone/gover v0.4.0 h1:+4n+7pp79Dd1csfrv4Qh1OCdBMYBJ2b4VoweKK3Eobk=
github.com/xgfone/gover v0.4.0/go.mod h1:yqAjNjXWuDib6SYKFvCdZY13nxkxKRNwIEjNPQFKWHw=
golang.org/x/exp v0.0.0-20230420155350-5d9e357047b1 h1:esPLYTcXPu8wpTcWCNGwSDTodgJwTTFNfeELKb4ewTg=
golang.org/x/exp v0.0.0-20230420155350-5d9e357047b1/go.mod h1:CxIveKay+FTh1D0yPZemJVgC/95VzuuOLq5Qi4xnoYc=
golang.org/x/sys v0.0.0-20220908164124-27713097b956/go.mod h1:oPkhp1MJrh7nUepCBck5+mAzfO9JrbApNNgaTdGDITg=
golang.org/x/sys v0.5.0 h1:MUK/U/4lj1t1oPg0HfuXDN/Z1wv31ZJ/YcPiGccS4DU=
golang.org/x/sys v0.5.0/go.mod h1:oPkhp1MJrh7nUepCBck5+mAzfO9JrbApNNgaTdGDITg=
gopkg.in/check.v1 v0.0.0-20161208181325-20d25e280405 h1:yhCVgyC4o1eVCa2tZl7eS0r+SDo693bJlVdllGtEeKM=
gopkg.in/check.v1 v0.0.0-20161208181325-20d25e280405/go.mod h1:Co6ibVJAznAaIkqp8huTwlJQCZ016jof/cbN4VW5Yz0=
gopkg.in/yaml.v2 v2.4.0 h1:D8xgwECY7CYvx+Y2n4sBz93Jn9JRvxdiyyo8CTfuKaY=
gopkg.in/yaml.v2 v2.4.0/go.mod h1:RDklbk79AGWmwhnvt/jBztapEOGDOx6ZbXqjP6csGnQ=
